// !$*UTF8*$!
{
	archiveVersion = 1;
	classes = {
	};
	objectVersion = 50;
	objects = {

/* Begin PBXBuildFile section */
		741FA8382529651D001DE305 /* CourseData.json in Resources */ = {isa = PBXBuildFile; fileRef = 741FA8372529651D001DE305 /* CourseData.json */; };
		741FA83B25296523001DE305 /* JobData.json in Resources */ = {isa = PBXBuildFile; fileRef = 741FA83A25296523001DE305 /* JobData.json */; };
		74F8D033252954350041A2BE /* ItemData.json in Resources */ = {isa = PBXBuildFile; fileRef = 74F8D032252954350041A2BE /* ItemData.json */; };
		74FD4DB125286B0D00B69B78 /* Quiz.storyboard in Resources */ = {isa = PBXBuildFile; fileRef = 74FD4DB025286B0D00B69B78 /* Quiz.storyboard */; };
		74FD4DB425286BB700B69B78 /* QuizViewController.swift in Sources */ = {isa = PBXBuildFile; fileRef = 74FD4DB325286BB600B69B78 /* QuizViewController.swift */; };
		74FD4DC82528974400B69B78 /* QuestDetails.storyboard in Resources */ = {isa = PBXBuildFile; fileRef = 74FD4DC72528974400B69B78 /* QuestDetails.storyboard */; };
		74FD4DCB2528980800B69B78 /* QuestDetailsViewController.swift in Sources */ = {isa = PBXBuildFile; fileRef = 74FD4DCA2528980800B69B78 /* QuestDetailsViewController.swift */; };
		74FD4DD92528D5E200B69B78 /* GameDataStore.swift in Sources */ = {isa = PBXBuildFile; fileRef = 74FD4DD82528D5E200B69B78 /* GameDataStore.swift */; };
		74FD4DDF2528DED500B69B78 /* DashboardSection.swift in Sources */ = {isa = PBXBuildFile; fileRef = 74FD4DDE2528DED500B69B78 /* DashboardSection.swift */; };
		74FD4DE32528E54000B69B78 /* DashboardSectionTableViewCell.swift in Sources */ = {isa = PBXBuildFile; fileRef = 74FD4DE22528E54000B69B78 /* DashboardSectionTableViewCell.swift */; };
		74FD4DE62528ECCB00B69B78 /* DashboardSectionTableViewCell.xib in Resources */ = {isa = PBXBuildFile; fileRef = 74FD4DE52528ECCB00B69B78 /* DashboardSectionTableViewCell.xib */; };
		74FD4DE92528F5D500B69B78 /* DashboardItemViewModel.swift in Sources */ = {isa = PBXBuildFile; fileRef = 74FD4DE82528F5D500B69B78 /* DashboardItemViewModel.swift */; };
		74FD4DED252935C000B69B78 /* QuestData.json in Resources */ = {isa = PBXBuildFile; fileRef = 74FD4DEC252935C000B69B78 /* QuestData.json */; };
		F3990EE92528586B00E87E2A /* AppDelegate.swift in Sources */ = {isa = PBXBuildFile; fileRef = F3990EE82528586B00E87E2A /* AppDelegate.swift */; };
		F3990EF02528586B00E87E2A /* MainTab.storyboard in Resources */ = {isa = PBXBuildFile; fileRef = F3990EEE2528586B00E87E2A /* MainTab.storyboard */; };
		F3990EF22528586D00E87E2A /* Colors.xcassets in Resources */ = {isa = PBXBuildFile; fileRef = F3990EF12528586D00E87E2A /* Colors.xcassets */; };
		F3990EF52528586D00E87E2A /* LaunchScreen.storyboard in Resources */ = {isa = PBXBuildFile; fileRef = F3990EF32528586D00E87E2A /* LaunchScreen.storyboard */; };
		F3990F4625285FFF00E87E2A /* UIView+Extensions.swift in Sources */ = {isa = PBXBuildFile; fileRef = F3990F3025285FFE00E87E2A /* UIView+Extensions.swift */; };
		F3990F4725285FFF00E87E2A /* JSONDecoder+Utilities.swift in Sources */ = {isa = PBXBuildFile; fileRef = F3990F3125285FFE00E87E2A /* JSONDecoder+Utilities.swift */; };
		F3990F4825285FFF00E87E2A /* String+Extensions.swift in Sources */ = {isa = PBXBuildFile; fileRef = F3990F3225285FFE00E87E2A /* String+Extensions.swift */; };
		F3990F4925285FFF00E87E2A /* UIView+XibLoadable.swift in Sources */ = {isa = PBXBuildFile; fileRef = F3990F3325285FFE00E87E2A /* UIView+XibLoadable.swift */; };
		F3990F4A25285FFF00E87E2A /* UIView+Nib.swift in Sources */ = {isa = PBXBuildFile; fileRef = F3990F3425285FFE00E87E2A /* UIView+Nib.swift */; };
		F3990F4B25285FFF00E87E2A /* UITableViewCell+Extensions.swift in Sources */ = {isa = PBXBuildFile; fileRef = F3990F3525285FFE00E87E2A /* UITableViewCell+Extensions.swift */; };
		F3990F4C25285FFF00E87E2A /* NSAttributedString+BulletedString.swift in Sources */ = {isa = PBXBuildFile; fileRef = F3990F3625285FFE00E87E2A /* NSAttributedString+BulletedString.swift */; };
		F3990F4D25285FFF00E87E2A /* UITableView+RegisterCell.swift in Sources */ = {isa = PBXBuildFile; fileRef = F3990F3725285FFE00E87E2A /* UITableView+RegisterCell.swift */; };
		F3990F4E25285FFF00E87E2A /* UIViewController+Container.swift in Sources */ = {isa = PBXBuildFile; fileRef = F3990F3825285FFE00E87E2A /* UIViewController+Container.swift */; };
		F3990F4F25285FFF00E87E2A /* UIButton+Extensions.swift in Sources */ = {isa = PBXBuildFile; fileRef = F3990F3925285FFE00E87E2A /* UIButton+Extensions.swift */; };
		F3990F5025285FFF00E87E2A /* UIButton+Action.swift in Sources */ = {isa = PBXBuildFile; fileRef = F3990F3A25285FFE00E87E2A /* UIButton+Action.swift */; };
		F3990F5125285FFF00E87E2A /* UINavigationController+Extensions.swift in Sources */ = {isa = PBXBuildFile; fileRef = F3990F3B25285FFE00E87E2A /* UINavigationController+Extensions.swift */; };
		F3990F5225285FFF00E87E2A /* UIView+Layout.swift in Sources */ = {isa = PBXBuildFile; fileRef = F3990F3C25285FFE00E87E2A /* UIView+Layout.swift */; };
		F3990F5325285FFF00E87E2A /* UIImage+Extensions.swift in Sources */ = {isa = PBXBuildFile; fileRef = F3990F3D25285FFE00E87E2A /* UIImage+Extensions.swift */; };
		F3990F5425285FFF00E87E2A /* NSObject+ClassName.swift in Sources */ = {isa = PBXBuildFile; fileRef = F3990F3E25285FFE00E87E2A /* NSObject+ClassName.swift */; };
		F3990F5525285FFF00E87E2A /* NSAttributedString+AddLink.swift in Sources */ = {isa = PBXBuildFile; fileRef = F3990F3F25285FFF00E87E2A /* NSAttributedString+AddLink.swift */; };
		F3990F5625285FFF00E87E2A /* DateFormatter+Extensions.swift in Sources */ = {isa = PBXBuildFile; fileRef = F3990F4025285FFF00E87E2A /* DateFormatter+Extensions.swift */; };
		F3990F5725285FFF00E87E2A /* Date+Extensions.swift in Sources */ = {isa = PBXBuildFile; fileRef = F3990F4125285FFF00E87E2A /* Date+Extensions.swift */; };
		F3990F5825285FFF00E87E2A /* UIViewController+StoryboardInstantiable.swift in Sources */ = {isa = PBXBuildFile; fileRef = F3990F4225285FFF00E87E2A /* UIViewController+StoryboardInstantiable.swift */; };
		F3990F5925285FFF00E87E2A /* UIWindow+VisibleViewControllers.swift in Sources */ = {isa = PBXBuildFile; fileRef = F3990F4325285FFF00E87E2A /* UIWindow+VisibleViewControllers.swift */; };
		F3990F5A25285FFF00E87E2A /* CollectionView+RegisterCell.swift in Sources */ = {isa = PBXBuildFile; fileRef = F3990F4425285FFF00E87E2A /* CollectionView+RegisterCell.swift */; };
		F3990F5B25285FFF00E87E2A /* UIBarButtonItem+Extensions.swift in Sources */ = {isa = PBXBuildFile; fileRef = F3990F4525285FFF00E87E2A /* UIBarButtonItem+Extensions.swift */; };
		F3990F65252861CD00E87E2A /* MainTabViewController.swift in Sources */ = {isa = PBXBuildFile; fileRef = F3990F64252861CD00E87E2A /* MainTabViewController.swift */; };
		F3990F672528622800E87E2A /* BankViewController.swift in Sources */ = {isa = PBXBuildFile; fileRef = F3990F662528622800E87E2A /* BankViewController.swift */; };
		F3990F6A2528624100E87E2A /* MarketViewController.swift in Sources */ = {isa = PBXBuildFile; fileRef = F3990F682528624100E87E2A /* MarketViewController.swift */; };
		F3990F6D2528625900E87E2A /* DashboardViewController.swift in Sources */ = {isa = PBXBuildFile; fileRef = F3990F6C2528625900E87E2A /* DashboardViewController.swift */; };
		F3990F6F2528628A00E87E2A /* Bank.storyboard in Resources */ = {isa = PBXBuildFile; fileRef = F3990F6E2528628A00E87E2A /* Bank.storyboard */; };
		F3990F712528629700E87E2A /* Market.storyboard in Resources */ = {isa = PBXBuildFile; fileRef = F3990F702528629700E87E2A /* Market.storyboard */; };
		F3990F73252862A200E87E2A /* Dashboard.storyboard in Resources */ = {isa = PBXBuildFile; fileRef = F3990F72252862A200E87E2A /* Dashboard.storyboard */; };
		F3990F7725286B4400E87E2A /* ItemCollectionViewCell.swift in Sources */ = {isa = PBXBuildFile; fileRef = F3990F7525286B4400E87E2A /* ItemCollectionViewCell.swift */; };
		F3990F7825286B4400E87E2A /* ItemCollectionViewCell.xib in Resources */ = {isa = PBXBuildFile; fileRef = F3990F7625286B4400E87E2A /* ItemCollectionViewCell.xib */; };
		F3990F7B2528748500E87E2A /* MarketItem.swift in Sources */ = {isa = PBXBuildFile; fileRef = F3990F7A2528748500E87E2A /* MarketItem.swift */; };
		F3990F7E252878C000E87E2A /* Switcher.swift in Sources */ = {isa = PBXBuildFile; fileRef = F3990F7D252878C000E87E2A /* Switcher.swift */; };
		F3990F8325287B7C00E87E2A /* MarketSection.swift in Sources */ = {isa = PBXBuildFile; fileRef = F3990F8225287B7C00E87E2A /* MarketSection.swift */; };
		F3990F8925288BFA00E87E2A /* MarketSection.json in Resources */ = {isa = PBXBuildFile; fileRef = F3990F8825288BFA00E87E2A /* MarketSection.json */; };
		F3990F8D25288F0C00E87E2A /* MarketSectionTableViewCell.swift in Sources */ = {isa = PBXBuildFile; fileRef = F3990F8B25288F0C00E87E2A /* MarketSectionTableViewCell.swift */; };
		F3990F8E25288F0C00E87E2A /* MarketSectionTableViewCell.xib in Resources */ = {isa = PBXBuildFile; fileRef = F3990F8C25288F0C00E87E2A /* MarketSectionTableViewCell.xib */; };
		F3990F922528C31900E87E2A /* Assets.xcassets in Resources */ = {isa = PBXBuildFile; fileRef = F3990F912528C31900E87E2A /* Assets.xcassets */; };
		F3990F942528C8D400E87E2A /* UIColor+Utilities.swift in Sources */ = {isa = PBXBuildFile; fileRef = F3990F932528C8D400E87E2A /* UIColor+Utilities.swift */; };
		F3990F962528D49F00E87E2A /* BankActionView.swift in Sources */ = {isa = PBXBuildFile; fileRef = F3990F952528D49F00E87E2A /* BankActionView.swift */; };
		F3990F992528D4B800E87E2A /* BankActionView.xib in Resources */ = {isa = PBXBuildFile; fileRef = F3990F982528D4B800E87E2A /* BankActionView.xib */; };
		F3F85BFE2528F8470030C674 /* BankTableViewCell.swift in Sources */ = {isa = PBXBuildFile; fileRef = F3F85BFC2528F8470030C674 /* BankTableViewCell.swift */; };
		F3F85BFF2528F8470030C674 /* BankTableViewCell.xib in Resources */ = {isa = PBXBuildFile; fileRef = F3F85BFD2528F8470030C674 /* BankTableViewCell.xib */; };
		F3F85C012528F9460030C674 /* BankSectionHeaderView.swift in Sources */ = {isa = PBXBuildFile; fileRef = F3F85C002528F9460030C674 /* BankSectionHeaderView.swift */; };
		F3F85C07252923160030C674 /* Double+Utilities.swift in Sources */ = {isa = PBXBuildFile; fileRef = F3F85C06252923160030C674 /* Double+Utilities.swift */; };
/* End PBXBuildFile section */

/* Begin PBXFileReference section */
		741FA8372529651D001DE305 /* CourseData.json */ = {isa = PBXFileReference; fileEncoding = 4; lastKnownFileType = text.json; path = CourseData.json; sourceTree = "<group>"; };
		741FA83A25296523001DE305 /* JobData.json */ = {isa = PBXFileReference; fileEncoding = 4; lastKnownFileType = text.json; path = JobData.json; sourceTree = "<group>"; };
		74F8D032252954350041A2BE /* ItemData.json */ = {isa = PBXFileReference; lastKnownFileType = text.json; path = ItemData.json; sourceTree = "<group>"; };
		74FD4DB025286B0D00B69B78 /* Quiz.storyboard */ = {isa = PBXFileReference; lastKnownFileType = file.storyboard; path = Quiz.storyboard; sourceTree = "<group>"; };
		74FD4DB325286BB600B69B78 /* QuizViewController.swift */ = {isa = PBXFileReference; lastKnownFileType = sourcecode.swift; path = QuizViewController.swift; sourceTree = "<group>"; };
		74FD4DC72528974400B69B78 /* QuestDetails.storyboard */ = {isa = PBXFileReference; lastKnownFileType = file.storyboard; path = QuestDetails.storyboard; sourceTree = "<group>"; };
		74FD4DCA2528980800B69B78 /* QuestDetailsViewController.swift */ = {isa = PBXFileReference; lastKnownFileType = sourcecode.swift; path = QuestDetailsViewController.swift; sourceTree = "<group>"; };
		74FD4DD82528D5E200B69B78 /* GameDataStore.swift */ = {isa = PBXFileReference; lastKnownFileType = sourcecode.swift; path = GameDataStore.swift; sourceTree = "<group>"; };
		74FD4DDE2528DED500B69B78 /* DashboardSection.swift */ = {isa = PBXFileReference; lastKnownFileType = sourcecode.swift; path = DashboardSection.swift; sourceTree = "<group>"; };
		74FD4DE22528E54000B69B78 /* DashboardSectionTableViewCell.swift */ = {isa = PBXFileReference; lastKnownFileType = sourcecode.swift; path = DashboardSectionTableViewCell.swift; sourceTree = "<group>"; };
		74FD4DE52528ECCB00B69B78 /* DashboardSectionTableViewCell.xib */ = {isa = PBXFileReference; lastKnownFileType = file.xib; path = DashboardSectionTableViewCell.xib; sourceTree = "<group>"; };
		74FD4DE82528F5D500B69B78 /* DashboardItemViewModel.swift */ = {isa = PBXFileReference; lastKnownFileType = sourcecode.swift; path = DashboardItemViewModel.swift; sourceTree = "<group>"; };
		74FD4DEC252935C000B69B78 /* QuestData.json */ = {isa = PBXFileReference; lastKnownFileType = text.json; path = QuestData.json; sourceTree = "<group>"; };
		F3990EE52528586B00E87E2A /* MoneyMate.app */ = {isa = PBXFileReference; explicitFileType = wrapper.application; includeInIndex = 0; path = MoneyMate.app; sourceTree = BUILT_PRODUCTS_DIR; };
		F3990EE82528586B00E87E2A /* AppDelegate.swift */ = {isa = PBXFileReference; lastKnownFileType = sourcecode.swift; path = AppDelegate.swift; sourceTree = "<group>"; };
		F3990EEF2528586B00E87E2A /* Base */ = {isa = PBXFileReference; lastKnownFileType = file.storyboard; name = Base; path = Base.lproj/MainTab.storyboard; sourceTree = "<group>"; };
		F3990EF12528586D00E87E2A /* Colors.xcassets */ = {isa = PBXFileReference; lastKnownFileType = folder.assetcatalog; path = Colors.xcassets; sourceTree = "<group>"; };
		F3990EF42528586D00E87E2A /* Base */ = {isa = PBXFileReference; lastKnownFileType = file.storyboard; name = Base; path = Base.lproj/LaunchScreen.storyboard; sourceTree = "<group>"; };
		F3990EF62528586D00E87E2A /* Info.plist */ = {isa = PBXFileReference; lastKnownFileType = text.plist.xml; path = Info.plist; sourceTree = "<group>"; };
		F3990F3025285FFE00E87E2A /* UIView+Extensions.swift */ = {isa = PBXFileReference; fileEncoding = 4; lastKnownFileType = sourcecode.swift; path = "UIView+Extensions.swift"; sourceTree = "<group>"; };
		F3990F3125285FFE00E87E2A /* JSONDecoder+Utilities.swift */ = {isa = PBXFileReference; fileEncoding = 4; lastKnownFileType = sourcecode.swift; path = "JSONDecoder+Utilities.swift"; sourceTree = "<group>"; };
		F3990F3225285FFE00E87E2A /* String+Extensions.swift */ = {isa = PBXFileReference; fileEncoding = 4; lastKnownFileType = sourcecode.swift; path = "String+Extensions.swift"; sourceTree = "<group>"; };
		F3990F3325285FFE00E87E2A /* UIView+XibLoadable.swift */ = {isa = PBXFileReference; fileEncoding = 4; lastKnownFileType = sourcecode.swift; path = "UIView+XibLoadable.swift"; sourceTree = "<group>"; };
		F3990F3425285FFE00E87E2A /* UIView+Nib.swift */ = {isa = PBXFileReference; fileEncoding = 4; lastKnownFileType = sourcecode.swift; path = "UIView+Nib.swift"; sourceTree = "<group>"; };
		F3990F3525285FFE00E87E2A /* UITableViewCell+Extensions.swift */ = {isa = PBXFileReference; fileEncoding = 4; lastKnownFileType = sourcecode.swift; path = "UITableViewCell+Extensions.swift"; sourceTree = "<group>"; };
		F3990F3625285FFE00E87E2A /* NSAttributedString+BulletedString.swift */ = {isa = PBXFileReference; fileEncoding = 4; lastKnownFileType = sourcecode.swift; path = "NSAttributedString+BulletedString.swift"; sourceTree = "<group>"; };
		F3990F3725285FFE00E87E2A /* UITableView+RegisterCell.swift */ = {isa = PBXFileReference; fileEncoding = 4; lastKnownFileType = sourcecode.swift; path = "UITableView+RegisterCell.swift"; sourceTree = "<group>"; };
		F3990F3825285FFE00E87E2A /* UIViewController+Container.swift */ = {isa = PBXFileReference; fileEncoding = 4; lastKnownFileType = sourcecode.swift; path = "UIViewController+Container.swift"; sourceTree = "<group>"; };
		F3990F3925285FFE00E87E2A /* UIButton+Extensions.swift */ = {isa = PBXFileReference; fileEncoding = 4; lastKnownFileType = sourcecode.swift; path = "UIButton+Extensions.swift"; sourceTree = "<group>"; };
		F3990F3A25285FFE00E87E2A /* UIButton+Action.swift */ = {isa = PBXFileReference; fileEncoding = 4; lastKnownFileType = sourcecode.swift; path = "UIButton+Action.swift"; sourceTree = "<group>"; };
		F3990F3B25285FFE00E87E2A /* UINavigationController+Extensions.swift */ = {isa = PBXFileReference; fileEncoding = 4; lastKnownFileType = sourcecode.swift; path = "UINavigationController+Extensions.swift"; sourceTree = "<group>"; };
		F3990F3C25285FFE00E87E2A /* UIView+Layout.swift */ = {isa = PBXFileReference; fileEncoding = 4; lastKnownFileType = sourcecode.swift; path = "UIView+Layout.swift"; sourceTree = "<group>"; };
		F3990F3D25285FFE00E87E2A /* UIImage+Extensions.swift */ = {isa = PBXFileReference; fileEncoding = 4; lastKnownFileType = sourcecode.swift; path = "UIImage+Extensions.swift"; sourceTree = "<group>"; };
		F3990F3E25285FFE00E87E2A /* NSObject+ClassName.swift */ = {isa = PBXFileReference; fileEncoding = 4; lastKnownFileType = sourcecode.swift; path = "NSObject+ClassName.swift"; sourceTree = "<group>"; };
		F3990F3F25285FFF00E87E2A /* NSAttributedString+AddLink.swift */ = {isa = PBXFileReference; fileEncoding = 4; lastKnownFileType = sourcecode.swift; path = "NSAttributedString+AddLink.swift"; sourceTree = "<group>"; };
		F3990F4025285FFF00E87E2A /* DateFormatter+Extensions.swift */ = {isa = PBXFileReference; fileEncoding = 4; lastKnownFileType = sourcecode.swift; path = "DateFormatter+Extensions.swift"; sourceTree = "<group>"; };
		F3990F4125285FFF00E87E2A /* Date+Extensions.swift */ = {isa = PBXFileReference; fileEncoding = 4; lastKnownFileType = sourcecode.swift; path = "Date+Extensions.swift"; sourceTree = "<group>"; };
		F3990F4225285FFF00E87E2A /* UIViewController+StoryboardInstantiable.swift */ = {isa = PBXFileReference; fileEncoding = 4; lastKnownFileType = sourcecode.swift; path = "UIViewController+StoryboardInstantiable.swift"; sourceTree = "<group>"; };
		F3990F4325285FFF00E87E2A /* UIWindow+VisibleViewControllers.swift */ = {isa = PBXFileReference; fileEncoding = 4; lastKnownFileType = sourcecode.swift; path = "UIWindow+VisibleViewControllers.swift"; sourceTree = "<group>"; };
		F3990F4425285FFF00E87E2A /* CollectionView+RegisterCell.swift */ = {isa = PBXFileReference; fileEncoding = 4; lastKnownFileType = sourcecode.swift; path = "CollectionView+RegisterCell.swift"; sourceTree = "<group>"; };
		F3990F4525285FFF00E87E2A /* UIBarButtonItem+Extensions.swift */ = {isa = PBXFileReference; fileEncoding = 4; lastKnownFileType = sourcecode.swift; path = "UIBarButtonItem+Extensions.swift"; sourceTree = "<group>"; };
		F3990F64252861CD00E87E2A /* MainTabViewController.swift */ = {isa = PBXFileReference; lastKnownFileType = sourcecode.swift; path = MainTabViewController.swift; sourceTree = "<group>"; };
		F3990F662528622800E87E2A /* BankViewController.swift */ = {isa = PBXFileReference; lastKnownFileType = sourcecode.swift; path = BankViewController.swift; sourceTree = "<group>"; };
		F3990F682528624100E87E2A /* MarketViewController.swift */ = {isa = PBXFileReference; lastKnownFileType = sourcecode.swift; path = MarketViewController.swift; sourceTree = "<group>"; };
		F3990F6C2528625900E87E2A /* DashboardViewController.swift */ = {isa = PBXFileReference; lastKnownFileType = sourcecode.swift; path = DashboardViewController.swift; sourceTree = "<group>"; };
		F3990F6E2528628A00E87E2A /* Bank.storyboard */ = {isa = PBXFileReference; lastKnownFileType = file.storyboard; path = Bank.storyboard; sourceTree = "<group>"; };
		F3990F702528629700E87E2A /* Market.storyboard */ = {isa = PBXFileReference; lastKnownFileType = file.storyboard; path = Market.storyboard; sourceTree = "<group>"; };
		F3990F72252862A200E87E2A /* Dashboard.storyboard */ = {isa = PBXFileReference; lastKnownFileType = file.storyboard; path = Dashboard.storyboard; sourceTree = "<group>"; };
		F3990F7525286B4400E87E2A /* ItemCollectionViewCell.swift */ = {isa = PBXFileReference; lastKnownFileType = sourcecode.swift; path = ItemCollectionViewCell.swift; sourceTree = "<group>"; };
		F3990F7625286B4400E87E2A /* ItemCollectionViewCell.xib */ = {isa = PBXFileReference; lastKnownFileType = file.xib; path = ItemCollectionViewCell.xib; sourceTree = "<group>"; };
		F3990F7A2528748500E87E2A /* MarketItem.swift */ = {isa = PBXFileReference; lastKnownFileType = sourcecode.swift; path = MarketItem.swift; sourceTree = "<group>"; };
		F3990F7D252878C000E87E2A /* Switcher.swift */ = {isa = PBXFileReference; fileEncoding = 4; lastKnownFileType = sourcecode.swift; path = Switcher.swift; sourceTree = "<group>"; };
		F3990F8225287B7C00E87E2A /* MarketSection.swift */ = {isa = PBXFileReference; lastKnownFileType = sourcecode.swift; path = MarketSection.swift; sourceTree = "<group>"; };
		F3990F8825288BFA00E87E2A /* MarketSection.json */ = {isa = PBXFileReference; fileEncoding = 4; lastKnownFileType = text.json; path = MarketSection.json; sourceTree = "<group>"; };
		F3990F8B25288F0C00E87E2A /* MarketSectionTableViewCell.swift */ = {isa = PBXFileReference; lastKnownFileType = sourcecode.swift; path = MarketSectionTableViewCell.swift; sourceTree = "<group>"; };
		F3990F8C25288F0C00E87E2A /* MarketSectionTableViewCell.xib */ = {isa = PBXFileReference; lastKnownFileType = file.xib; path = MarketSectionTableViewCell.xib; sourceTree = "<group>"; };
		F3990F912528C31900E87E2A /* Assets.xcassets */ = {isa = PBXFileReference; lastKnownFileType = folder.assetcatalog; path = Assets.xcassets; sourceTree = "<group>"; };
		F3990F932528C8D400E87E2A /* UIColor+Utilities.swift */ = {isa = PBXFileReference; lastKnownFileType = sourcecode.swift; path = "UIColor+Utilities.swift"; sourceTree = "<group>"; };
		F3990F952528D49F00E87E2A /* BankActionView.swift */ = {isa = PBXFileReference; lastKnownFileType = sourcecode.swift; path = BankActionView.swift; sourceTree = "<group>"; };
		F3990F982528D4B800E87E2A /* BankActionView.xib */ = {isa = PBXFileReference; lastKnownFileType = file.xib; path = BankActionView.xib; sourceTree = "<group>"; };
		F3F85BFC2528F8470030C674 /* BankTableViewCell.swift */ = {isa = PBXFileReference; lastKnownFileType = sourcecode.swift; path = BankTableViewCell.swift; sourceTree = "<group>"; };
		F3F85BFD2528F8470030C674 /* BankTableViewCell.xib */ = {isa = PBXFileReference; lastKnownFileType = file.xib; path = BankTableViewCell.xib; sourceTree = "<group>"; };
		F3F85C002528F9460030C674 /* BankSectionHeaderView.swift */ = {isa = PBXFileReference; lastKnownFileType = sourcecode.swift; path = BankSectionHeaderView.swift; sourceTree = "<group>"; };
		F3F85C06252923160030C674 /* Double+Utilities.swift */ = {isa = PBXFileReference; lastKnownFileType = sourcecode.swift; path = "Double+Utilities.swift"; sourceTree = "<group>"; };
/* End PBXFileReference section */

/* Begin PBXFrameworksBuildPhase section */
		F3990EE22528586B00E87E2A /* Frameworks */ = {
			isa = PBXFrameworksBuildPhase;
			buildActionMask = 2147483647;
			files = (
			);
			runOnlyForDeploymentPostprocessing = 0;
		};
/* End PBXFrameworksBuildPhase section */

/* Begin PBXGroup section */
		74FD4DAE25286A5B00B69B78 /* Quiz */ = {
			isa = PBXGroup;
			children = (
				74FD4DB025286B0D00B69B78 /* Quiz.storyboard */,
				74FD4DB325286BB600B69B78 /* QuizViewController.swift */,
			);
			path = Quiz;
			sourceTree = "<group>";
		};
		74FD4DC6252896F500B69B78 /* QuestDetails */ = {
			isa = PBXGroup;
			children = (
				74FD4DC72528974400B69B78 /* QuestDetails.storyboard */,
				74FD4DCA2528980800B69B78 /* QuestDetailsViewController.swift */,
			);
			path = QuestDetails;
			sourceTree = "<group>";
		};
		74FD4DD62528D04F00B69B78 /* Data Layer */ = {
			isa = PBXGroup;
			children = (
				74FD4DD82528D5E200B69B78 /* GameDataStore.swift */,
			);
			path = "Data Layer";
			sourceTree = "<group>";
		};
		F3990EDC2528586B00E87E2A = {
			isa = PBXGroup;
			children = (
				F3990EE72528586B00E87E2A /* MoneyMate */,
				F3990EE62528586B00E87E2A /* Products */,
			);
			sourceTree = "<group>";
		};
		F3990EE62528586B00E87E2A /* Products */ = {
			isa = PBXGroup;
			children = (
				F3990EE52528586B00E87E2A /* MoneyMate.app */,
			);
			name = Products;
			sourceTree = "<group>";
		};
		F3990EE72528586B00E87E2A /* MoneyMate */ = {
			isa = PBXGroup;
			children = (
				F3990EE82528586B00E87E2A /* AppDelegate.swift */,
				F3990F7C252878B200E87E2A /* Utilities */,
				F3990F2F25285FDD00E87E2A /* Extensions */,
				F3990F5F2528613400E87E2A /* UI Layer */,
				74FD4DD62528D04F00B69B78 /* Data Layer */,
				F3990F5E2528610600E87E2A /* Resources */,
			);
			path = MoneyMate;
			sourceTree = "<group>";
		};
		F3990F2F25285FDD00E87E2A /* Extensions */ = {
			isa = PBXGroup;
			children = (
				F3990F932528C8D400E87E2A /* UIColor+Utilities.swift */,
				F3990F4425285FFF00E87E2A /* CollectionView+RegisterCell.swift */,
				F3990F4125285FFF00E87E2A /* Date+Extensions.swift */,
				F3990F4025285FFF00E87E2A /* DateFormatter+Extensions.swift */,
				F3990F3125285FFE00E87E2A /* JSONDecoder+Utilities.swift */,
				F3990F3F25285FFF00E87E2A /* NSAttributedString+AddLink.swift */,
				F3990F3625285FFE00E87E2A /* NSAttributedString+BulletedString.swift */,
				F3990F3E25285FFE00E87E2A /* NSObject+ClassName.swift */,
				F3990F3225285FFE00E87E2A /* String+Extensions.swift */,
				F3990F4525285FFF00E87E2A /* UIBarButtonItem+Extensions.swift */,
				F3990F3A25285FFE00E87E2A /* UIButton+Action.swift */,
				F3990F3925285FFE00E87E2A /* UIButton+Extensions.swift */,
				F3990F3D25285FFE00E87E2A /* UIImage+Extensions.swift */,
				F3990F3B25285FFE00E87E2A /* UINavigationController+Extensions.swift */,
				F3990F3725285FFE00E87E2A /* UITableView+RegisterCell.swift */,
				F3990F3525285FFE00E87E2A /* UITableViewCell+Extensions.swift */,
				F3990F3025285FFE00E87E2A /* UIView+Extensions.swift */,
				F3990F3C25285FFE00E87E2A /* UIView+Layout.swift */,
				F3990F3425285FFE00E87E2A /* UIView+Nib.swift */,
				F3990F3325285FFE00E87E2A /* UIView+XibLoadable.swift */,
				F3990F3825285FFE00E87E2A /* UIViewController+Container.swift */,
				F3990F4225285FFF00E87E2A /* UIViewController+StoryboardInstantiable.swift */,
				F3990F4325285FFF00E87E2A /* UIWindow+VisibleViewControllers.swift */,
				F3F85C06252923160030C674 /* Double+Utilities.swift */,
			);
			path = Extensions;
			sourceTree = "<group>";
		};
		F3990F5E2528610600E87E2A /* Resources */ = {
			isa = PBXGroup;
			children = (
				F3990F7F252879B300E87E2A /* Jsons */,
				F3990F912528C31900E87E2A /* Assets.xcassets */,
				F3990EF12528586D00E87E2A /* Colors.xcassets */,
				F3990EF32528586D00E87E2A /* LaunchScreen.storyboard */,
				F3990EF62528586D00E87E2A /* Info.plist */,
			);
			name = Resources;
			sourceTree = "<group>";
		};
		F3990F5F2528613400E87E2A /* UI Layer */ = {
			isa = PBXGroup;
			children = (
				F3990EEE2528586B00E87E2A /* MainTab.storyboard */,
				F3990F64252861CD00E87E2A /* MainTabViewController.swift */,
				F3990F622528615400E87E2A /* Bank */,
				F3990F612528614E00E87E2A /* Market */,
				F3990F602528614000E87E2A /* Dashboard */,
				74FD4DAE25286A5B00B69B78 /* Quiz */,
				74FD4DC6252896F500B69B78 /* QuestDetails */,
			);
			path = "UI Layer";
			sourceTree = "<group>";
		};
		F3990F602528614000E87E2A /* Dashboard */ = {
			isa = PBXGroup;
			children = (
				74FD4DDE2528DED500B69B78 /* DashboardSection.swift */,
				74FD4DE82528F5D500B69B78 /* DashboardItemViewModel.swift */,
				F3990F6C2528625900E87E2A /* DashboardViewController.swift */,
				F3990F72252862A200E87E2A /* Dashboard.storyboard */,
				74FD4DE22528E54000B69B78 /* DashboardSectionTableViewCell.swift */,
				74FD4DE52528ECCB00B69B78 /* DashboardSectionTableViewCell.xib */,
			);
			path = Dashboard;
			sourceTree = "<group>";
		};
		F3990F612528614E00E87E2A /* Market */ = {
			isa = PBXGroup;
			children = (
				F3990F792528746E00E87E2A /* Models */,
				F3990F7425286A7800E87E2A /* Cells */,
				F3990F682528624100E87E2A /* MarketViewController.swift */,
				F3990F702528629700E87E2A /* Market.storyboard */,
			);
			path = Market;
			sourceTree = "<group>";
		};
		F3990F622528615400E87E2A /* Bank */ = {
			isa = PBXGroup;
			children = (
				F3F85BFB2528F8090030C674 /* Cells */,
				F3990F972528D4A300E87E2A /* Views */,
				F3990F662528622800E87E2A /* BankViewController.swift */,
				F3990F6E2528628A00E87E2A /* Bank.storyboard */,
			);
			path = Bank;
			sourceTree = "<group>";
		};
		F3990F7425286A7800E87E2A /* Cells */ = {
			isa = PBXGroup;
			children = (
				F3990F7525286B4400E87E2A /* ItemCollectionViewCell.swift */,
				F3990F7625286B4400E87E2A /* ItemCollectionViewCell.xib */,
				F3990F8B25288F0C00E87E2A /* MarketSectionTableViewCell.swift */,
				F3990F8C25288F0C00E87E2A /* MarketSectionTableViewCell.xib */,
			);
			path = Cells;
			sourceTree = "<group>";
		};
		F3990F792528746E00E87E2A /* Models */ = {
			isa = PBXGroup;
			children = (
				F3990F7A2528748500E87E2A /* MarketItem.swift */,
				F3990F8225287B7C00E87E2A /* MarketSection.swift */,
			);
			path = Models;
			sourceTree = "<group>";
		};
		F3990F7C252878B200E87E2A /* Utilities */ = {
			isa = PBXGroup;
			children = (
				F3990F7D252878C000E87E2A /* Switcher.swift */,
			);
			path = Utilities;
			sourceTree = "<group>";
		};
		F3990F7F252879B300E87E2A /* Jsons */ = {
			isa = PBXGroup;
			children = (
				74FD4DEC252935C000B69B78 /* QuestData.json */,
				741FA8372529651D001DE305 /* CourseData.json */,
				741FA83A25296523001DE305 /* JobData.json */,
				74F8D032252954350041A2BE /* ItemData.json */,
				F3990F8825288BFA00E87E2A /* MarketSection.json */,
			);
			name = Jsons;
			sourceTree = "<group>";
		};
		F3990F972528D4A300E87E2A /* Views */ = {
			isa = PBXGroup;
			children = (
				F3990F952528D49F00E87E2A /* BankActionView.swift */,
				F3990F982528D4B800E87E2A /* BankActionView.xib */,
				F3F85C002528F9460030C674 /* BankSectionHeaderView.swift */,
			);
			path = Views;
			sourceTree = "<group>";
		};
		F3F85BFB2528F8090030C674 /* Cells */ = {
			isa = PBXGroup;
			children = (
				F3F85BFC2528F8470030C674 /* BankTableViewCell.swift */,
				F3F85BFD2528F8470030C674 /* BankTableViewCell.xib */,
			);
			path = Cells;
			sourceTree = "<group>";
		};
/* End PBXGroup section */

/* Begin PBXNativeTarget section */
		F3990EE42528586B00E87E2A /* MoneyMate */ = {
			isa = PBXNativeTarget;
			buildConfigurationList = F3990EF92528586D00E87E2A /* Build configuration list for PBXNativeTarget "MoneyMate" */;
			buildPhases = (
				F3990EE12528586B00E87E2A /* Sources */,
				F3990EE22528586B00E87E2A /* Frameworks */,
				F3990EE32528586B00E87E2A /* Resources */,
			);
			buildRules = (
			);
			dependencies = (
			);
			name = MoneyMate;
			productName = MoneyMate;
			productReference = F3990EE52528586B00E87E2A /* MoneyMate.app */;
			productType = "com.apple.product-type.application";
		};
/* End PBXNativeTarget section */

/* Begin PBXProject section */
		F3990EDD2528586B00E87E2A /* Project object */ = {
			isa = PBXProject;
			attributes = {
				LastSwiftUpdateCheck = 1130;
				LastUpgradeCheck = 1130;
				ORGANIZATIONNAME = "Luboslav  Ivanov";
				TargetAttributes = {
					F3990EE42528586B00E87E2A = {
						CreatedOnToolsVersion = 11.3.1;
					};
				};
			};
			buildConfigurationList = F3990EE02528586B00E87E2A /* Build configuration list for PBXProject "MoneyMate" */;
			compatibilityVersion = "Xcode 9.3";
			developmentRegion = en;
			hasScannedForEncodings = 0;
			knownRegions = (
				en,
				Base,
			);
			mainGroup = F3990EDC2528586B00E87E2A;
			productRefGroup = F3990EE62528586B00E87E2A /* Products */;
			projectDirPath = "";
			projectRoot = "";
			targets = (
				F3990EE42528586B00E87E2A /* MoneyMate */,
			);
		};
/* End PBXProject section */

/* Begin PBXResourcesBuildPhase section */
		F3990EE32528586B00E87E2A /* Resources */ = {
			isa = PBXResourcesBuildPhase;
			buildActionMask = 2147483647;
			files = (
				F3990F992528D4B800E87E2A /* BankActionView.xib in Resources */,
				F3990EF52528586D00E87E2A /* LaunchScreen.storyboard in Resources */,
				741FA83B25296523001DE305 /* JobData.json in Resources */,
				F3990F7825286B4400E87E2A /* ItemCollectionViewCell.xib in Resources */,
				F3990EF22528586D00E87E2A /* Colors.xcassets in Resources */,
				741FA8382529651D001DE305 /* CourseData.json in Resources */,
				74FD4DC82528974400B69B78 /* QuestDetails.storyboard in Resources */,
				F3990EF02528586B00E87E2A /* MainTab.storyboard in Resources */,
				F3990F712528629700E87E2A /* Market.storyboard in Resources */,
				F3F85BFF2528F8470030C674 /* BankTableViewCell.xib in Resources */,
				F3990F73252862A200E87E2A /* Dashboard.storyboard in Resources */,
				F3990F6F2528628A00E87E2A /* Bank.storyboard in Resources */,
				F3990F922528C31900E87E2A /* Assets.xcassets in Resources */,
				74FD4DE62528ECCB00B69B78 /* DashboardSectionTableViewCell.xib in Resources */,
				74FD4DB125286B0D00B69B78 /* Quiz.storyboard in Resources */,
				74FD4DED252935C000B69B78 /* QuestData.json in Resources */,
				F3990F8925288BFA00E87E2A /* MarketSection.json in Resources */,
				74F8D033252954350041A2BE /* ItemData.json in Resources */,
				F3990F8E25288F0C00E87E2A /* MarketSectionTableViewCell.xib in Resources */,
			);
			runOnlyForDeploymentPostprocessing = 0;
		};
/* End PBXResourcesBuildPhase section */

/* Begin PBXSourcesBuildPhase section */
		F3990EE12528586B00E87E2A /* Sources */ = {
			isa = PBXSourcesBuildPhase;
			buildActionMask = 2147483647;
			files = (
				F3990F5225285FFF00E87E2A /* UIView+Layout.swift in Sources */,
				F3990F5925285FFF00E87E2A /* UIWindow+VisibleViewControllers.swift in Sources */,
				F3990F672528622800E87E2A /* BankViewController.swift in Sources */,
				74FD4DD92528D5E200B69B78 /* GameDataStore.swift in Sources */,
				F3990F4A25285FFF00E87E2A /* UIView+Nib.swift in Sources */,
				F3990F5725285FFF00E87E2A /* Date+Extensions.swift in Sources */,
				74FD4DDF2528DED500B69B78 /* DashboardSection.swift in Sources */,
				F3990EE92528586B00E87E2A /* AppDelegate.swift in Sources */,
				F3990F4625285FFF00E87E2A /* UIView+Extensions.swift in Sources */,
				F3990F4E25285FFF00E87E2A /* UIViewController+Container.swift in Sources */,
				F3990F5B25285FFF00E87E2A /* UIBarButtonItem+Extensions.swift in Sources */,
				F3990F4725285FFF00E87E2A /* JSONDecoder+Utilities.swift in Sources */,
				F3990F7B2528748500E87E2A /* MarketItem.swift in Sources */,
				F3F85C07252923160030C674 /* Double+Utilities.swift in Sources */,
				F3990F5A25285FFF00E87E2A /* CollectionView+RegisterCell.swift in Sources */,
				F3990F7725286B4400E87E2A /* ItemCollectionViewCell.swift in Sources */,
				F3990F942528C8D400E87E2A /* UIColor+Utilities.swift in Sources */,
				F3990F7E252878C000E87E2A /* Switcher.swift in Sources */,
				F3990F5425285FFF00E87E2A /* NSObject+ClassName.swift in Sources */,
				F3990F4D25285FFF00E87E2A /* UITableView+RegisterCell.swift in Sources */,
				F3990F5025285FFF00E87E2A /* UIButton+Action.swift in Sources */,
				74FD4DE92528F5D500B69B78 /* DashboardItemViewModel.swift in Sources */,
				F3990F4925285FFF00E87E2A /* UIView+XibLoadable.swift in Sources */,
				F3990F6D2528625900E87E2A /* DashboardViewController.swift in Sources */,
				F3990F4825285FFF00E87E2A /* String+Extensions.swift in Sources */,
				F3F85C012528F9460030C674 /* BankSectionHeaderView.swift in Sources */,
				F3990F6A2528624100E87E2A /* MarketViewController.swift in Sources */,
				F3990F65252861CD00E87E2A /* MainTabViewController.swift in Sources */,
				F3990F5825285FFF00E87E2A /* UIViewController+StoryboardInstantiable.swift in Sources */,
				74FD4DE32528E54000B69B78 /* DashboardSectionTableViewCell.swift in Sources */,
				F3F85BFE2528F8470030C674 /* BankTableViewCell.swift in Sources */,
				F3990F5525285FFF00E87E2A /* NSAttributedString+AddLink.swift in Sources */,
				F3990F962528D49F00E87E2A /* BankActionView.swift in Sources */,
				F3990F5625285FFF00E87E2A /* DateFormatter+Extensions.swift in Sources */,
				74FD4DCB2528980800B69B78 /* QuestDetailsViewController.swift in Sources */,
				F3990F8D25288F0C00E87E2A /* MarketSectionTableViewCell.swift in Sources */,
				F3990F4B25285FFF00E87E2A /* UITableViewCell+Extensions.swift in Sources */,
				F3990F4C25285FFF00E87E2A /* NSAttributedString+BulletedString.swift in Sources */,
				F3990F5325285FFF00E87E2A /* UIImage+Extensions.swift in Sources */,
				74FD4DB425286BB700B69B78 /* QuizViewController.swift in Sources */,
				F3990F5125285FFF00E87E2A /* UINavigationController+Extensions.swift in Sources */,
				F3990F8325287B7C00E87E2A /* MarketSection.swift in Sources */,
				F3990F4F25285FFF00E87E2A /* UIButton+Extensions.swift in Sources */,
			);
			runOnlyForDeploymentPostprocessing = 0;
		};
/* End PBXSourcesBuildPhase section */

/* Begin PBXVariantGroup section */
		F3990EEE2528586B00E87E2A /* MainTab.storyboard */ = {
			isa = PBXVariantGroup;
			children = (
				F3990EEF2528586B00E87E2A /* Base */,
			);
			name = MainTab.storyboard;
			sourceTree = "<group>";
		};
		F3990EF32528586D00E87E2A /* LaunchScreen.storyboard */ = {
			isa = PBXVariantGroup;
			children = (
				F3990EF42528586D00E87E2A /* Base */,
			);
			name = LaunchScreen.storyboard;
			sourceTree = "<group>";
		};
/* End PBXVariantGroup section */

/* Begin XCBuildConfiguration section */
		F3990EF72528586D00E87E2A /* Debug */ = {
			isa = XCBuildConfiguration;
			buildSettings = {
				ALWAYS_SEARCH_USER_PATHS = NO;
				CLANG_ANALYZER_NONNULL = YES;
				CLANG_ANALYZER_NUMBER_OBJECT_CONVERSION = YES_AGGRESSIVE;
				CLANG_CXX_LANGUAGE_STANDARD = "gnu++14";
				CLANG_CXX_LIBRARY = "libc++";
				CLANG_ENABLE_MODULES = YES;
				CLANG_ENABLE_OBJC_ARC = YES;
				CLANG_ENABLE_OBJC_WEAK = YES;
				CLANG_WARN_BLOCK_CAPTURE_AUTORELEASING = YES;
				CLANG_WARN_BOOL_CONVERSION = YES;
				CLANG_WARN_COMMA = YES;
				CLANG_WARN_CONSTANT_CONVERSION = YES;
				CLANG_WARN_DEPRECATED_OBJC_IMPLEMENTATIONS = YES;
				CLANG_WARN_DIRECT_OBJC_ISA_USAGE = YES_ERROR;
				CLANG_WARN_DOCUMENTATION_COMMENTS = YES;
				CLANG_WARN_EMPTY_BODY = YES;
				CLANG_WARN_ENUM_CONVERSION = YES;
				CLANG_WARN_INFINITE_RECURSION = YES;
				CLANG_WARN_INT_CONVERSION = YES;
				CLANG_WARN_NON_LITERAL_NULL_CONVERSION = YES;
				CLANG_WARN_OBJC_IMPLICIT_RETAIN_SELF = YES;
				CLANG_WARN_OBJC_LITERAL_CONVERSION = YES;
				CLANG_WARN_OBJC_ROOT_CLASS = YES_ERROR;
				CLANG_WARN_RANGE_LOOP_ANALYSIS = YES;
				CLANG_WARN_STRICT_PROTOTYPES = YES;
				CLANG_WARN_SUSPICIOUS_MOVE = YES;
				CLANG_WARN_UNGUARDED_AVAILABILITY = YES_AGGRESSIVE;
				CLANG_WARN_UNREACHABLE_CODE = YES;
				CLANG_WARN__DUPLICATE_METHOD_MATCH = YES;
				COPY_PHASE_STRIP = NO;
				DEBUG_INFORMATION_FORMAT = dwarf;
				ENABLE_STRICT_OBJC_MSGSEND = YES;
				ENABLE_TESTABILITY = YES;
				GCC_C_LANGUAGE_STANDARD = gnu11;
				GCC_DYNAMIC_NO_PIC = NO;
				GCC_NO_COMMON_BLOCKS = YES;
				GCC_OPTIMIZATION_LEVEL = 0;
				GCC_PREPROCESSOR_DEFINITIONS = (
					"DEBUG=1",
					"$(inherited)",
				);
				GCC_WARN_64_TO_32_BIT_CONVERSION = YES;
				GCC_WARN_ABOUT_RETURN_TYPE = YES_ERROR;
				GCC_WARN_UNDECLARED_SELECTOR = YES;
				GCC_WARN_UNINITIALIZED_AUTOS = YES_AGGRESSIVE;
				GCC_WARN_UNUSED_FUNCTION = YES;
				GCC_WARN_UNUSED_VARIABLE = YES;
				IPHONEOS_DEPLOYMENT_TARGET = 13.2;
				MTL_ENABLE_DEBUG_INFO = INCLUDE_SOURCE;
				MTL_FAST_MATH = YES;
				ONLY_ACTIVE_ARCH = YES;
				SDKROOT = iphoneos;
				SWIFT_ACTIVE_COMPILATION_CONDITIONS = DEBUG;
				SWIFT_OPTIMIZATION_LEVEL = "-Onone";
			};
			name = Debug;
		};
		F3990EF82528586D00E87E2A /* Release */ = {
			isa = XCBuildConfiguration;
			buildSettings = {
				ALWAYS_SEARCH_USER_PATHS = NO;
				CLANG_ANALYZER_NONNULL = YES;
				CLANG_ANALYZER_NUMBER_OBJECT_CONVERSION = YES_AGGRESSIVE;
				CLANG_CXX_LANGUAGE_STANDARD = "gnu++14";
				CLANG_CXX_LIBRARY = "libc++";
				CLANG_ENABLE_MODULES = YES;
				CLANG_ENABLE_OBJC_ARC = YES;
				CLANG_ENABLE_OBJC_WEAK = YES;
				CLANG_WARN_BLOCK_CAPTURE_AUTORELEASING = YES;
				CLANG_WARN_BOOL_CONVERSION = YES;
				CLANG_WARN_COMMA = YES;
				CLANG_WARN_CONSTANT_CONVERSION = YES;
				CLANG_WARN_DEPRECATED_OBJC_IMPLEMENTATIONS = YES;
				CLANG_WARN_DIRECT_OBJC_ISA_USAGE = YES_ERROR;
				CLANG_WARN_DOCUMENTATION_COMMENTS = YES;
				CLANG_WARN_EMPTY_BODY = YES;
				CLANG_WARN_ENUM_CONVERSION = YES;
				CLANG_WARN_INFINITE_RECURSION = YES;
				CLANG_WARN_INT_CONVERSION = YES;
				CLANG_WARN_NON_LITERAL_NULL_CONVERSION = YES;
				CLANG_WARN_OBJC_IMPLICIT_RETAIN_SELF = YES;
				CLANG_WARN_OBJC_LITERAL_CONVERSION = YES;
				CLANG_WARN_OBJC_ROOT_CLASS = YES_ERROR;
				CLANG_WARN_RANGE_LOOP_ANALYSIS = YES;
				CLANG_WARN_STRICT_PROTOTYPES = YES;
				CLANG_WARN_SUSPICIOUS_MOVE = YES;
				CLANG_WARN_UNGUARDED_AVAILABILITY = YES_AGGRESSIVE;
				CLANG_WARN_UNREACHABLE_CODE = YES;
				CLANG_WARN__DUPLICATE_METHOD_MATCH = YES;
				COPY_PHASE_STRIP = NO;
				DEBUG_INFORMATION_FORMAT = "dwarf-with-dsym";
				ENABLE_NS_ASSERTIONS = NO;
				ENABLE_STRICT_OBJC_MSGSEND = YES;
				GCC_C_LANGUAGE_STANDARD = gnu11;
				GCC_NO_COMMON_BLOCKS = YES;
				GCC_WARN_64_TO_32_BIT_CONVERSION = YES;
				GCC_WARN_ABOUT_RETURN_TYPE = YES_ERROR;
				GCC_WARN_UNDECLARED_SELECTOR = YES;
				GCC_WARN_UNINITIALIZED_AUTOS = YES_AGGRESSIVE;
				GCC_WARN_UNUSED_FUNCTION = YES;
				GCC_WARN_UNUSED_VARIABLE = YES;
				IPHONEOS_DEPLOYMENT_TARGET = 13.2;
				MTL_ENABLE_DEBUG_INFO = NO;
				MTL_FAST_MATH = YES;
				SDKROOT = iphoneos;
				SWIFT_COMPILATION_MODE = wholemodule;
				SWIFT_OPTIMIZATION_LEVEL = "-O";
				VALIDATE_PRODUCT = YES;
			};
			name = Release;
		};
		F3990EFA2528586D00E87E2A /* Debug */ = {
			isa = XCBuildConfiguration;
			buildSettings = {
				ASSETCATALOG_COMPILER_APPICON_NAME = AppIcon;
				CODE_SIGN_STYLE = Automatic;
				CURRENT_PROJECT_VERSION = 1;
				DEVELOPMENT_TEAM = GYTK9QHG76;
				INFOPLIST_FILE = MoneyMate/Info.plist;
				LD_RUNPATH_SEARCH_PATHS = (
					"$(inherited)",
					"@executable_path/Frameworks",
				);
				MARKETING_VERSION = 1.0;
				PRODUCT_BUNDLE_IDENTIFIER = com.luboDev.MoneyMate;
				PRODUCT_NAME = "$(TARGET_NAME)";
				SWIFT_VERSION = 5.0;
				TARGETED_DEVICE_FAMILY = 1;
			};
			name = Debug;
		};
		F3990EFB2528586D00E87E2A /* Release */ = {
			isa = XCBuildConfiguration;
			buildSettings = {
				ASSETCATALOG_COMPILER_APPICON_NAME = AppIcon;
				CODE_SIGN_STYLE = Automatic;
				CURRENT_PROJECT_VERSION = 1;
				DEVELOPMENT_TEAM = GYTK9QHG76;
				INFOPLIST_FILE = MoneyMate/Info.plist;
				LD_RUNPATH_SEARCH_PATHS = (
					"$(inherited)",
					"@executable_path/Frameworks",
				);
				MARKETING_VERSION = 1.0;
				PRODUCT_BUNDLE_IDENTIFIER = com.luboDev.MoneyMate;
				PRODUCT_NAME = "$(TARGET_NAME)";
				SWIFT_VERSION = 5.0;
				TARGETED_DEVICE_FAMILY = 1;
			};
			name = Release;
		};
/* End XCBuildConfiguration section */

/* Begin XCConfigurationList section */
		F3990EE02528586B00E87E2A /* Build configuration list for PBXProject "MoneyMate" */ = {
			isa = XCConfigurationList;
			buildConfigurations = (
				F3990EF72528586D00E87E2A /* Debug */,
				F3990EF82528586D00E87E2A /* Release */,
			);
			defaultConfigurationIsVisible = 0;
			defaultConfigurationName = Release;
		};
		F3990EF92528586D00E87E2A /* Build configuration list for PBXNativeTarget "MoneyMate" */ = {
			isa = XCConfigurationList;
			buildConfigurations = (
				F3990EFA2528586D00E87E2A /* Debug */,
				F3990EFB2528586D00E87E2A /* Release */,
			);
			defaultConfigurationIsVisible = 0;
			defaultConfigurationName = Release;
		};
/* End XCConfigurationList section */
	};
	rootObject = F3990EDD2528586B00E87E2A /* Project object */;
}
